
Microsoft Visual Studio Solution File, Format Version 12.00
# Visual Studio 15
VisualStudioVersion = 15.0.28307.1062
MinimumVisualStudioVersion = 10.0.40219.1
Project("{FAE04EC0-301F-11D3-BF4B-00C04F79EFBC}") = "WF Sucecion de Fibonacci", "WF Sucecion de Fibonacci\WF Sucecion de Fibonacci.csproj", "{A592B4CD-961C-45CF-9BBC-FF43B0BDC3C3}"
EndProject
Global
	GlobalSection(SolutionConfigurationPlatforms) = preSolution
		Debug|Any CPU = Debug|Any CPU
		Release|Any CPU = Release|Any CPU
	EndGlobalSection
	GlobalSection(ProjectConfigurationPlatforms) = postSolution
		{A592B4CD-961C-45CF-9BBC-FF43B0BDC3C3}.Debug|Any CPU.ActiveCfg = Debug|Any CPU
		{A592B4CD-961C-45CF-9BBC-FF43B0BDC3C3}.Debug|Any CPU.Build.0 = Debug|Any CPU
		{A592B4CD-961C-45CF-9BBC-FF43B0BDC3C3}.Release|Any CPU.ActiveCfg = Release|Any CPU
		{A592B4CD-961C-45CF-9BBC-FF43B0BDC3C3}.Release|Any CPU.Build.0 = Release|Any CPU
	EndGlobalSection
	GlobalSection(SolutionProperties) = preSolution
		HideSolutionNode = FALSE
	EndGlobalSection
	GlobalSection(ExtensibilityGlobals) = postSolution
		SolutionGuid = {99614ACA-42FD-4842-AAF3-2B715CCE874B}
	EndGlobalSection
EndGlobal
